
Microsoft Visual Studio Solution File, Format Version 12.00
# Visual Studio 15
VisualStudioVersion = 15.0.28307.572
MinimumVisualStudioVersion = 10.0.40219.1
Project("{FAE04EC0-301F-11D3-BF4B-00C04F79EFBC}") = "Ejercicio02.Android", "Ejercicio02\Ejercicio02.Android\Ejercicio02.Android.csproj", "{A61A3403-7009-4A66-8621-E5BF244804AD}"
EndProject
Project("{FAE04EC0-301F-11D3-BF4B-00C04F79EFBC}") = "Ejercicio02.iOS", "Ejercicio02\Ejercicio02.iOS\Ejercicio02.iOS.csproj", "{40EB3B45-603A-43C1-A2D3-E7B04483AFA7}"
EndProject
Project("{FAE04EC0-301F-11D3-BF4B-00C04F79EFBC}") = "Ejercicio02", "Ejercicio02\Ejercicio02\Ejercicio02.csproj", "{9AED0CD6-D369-4191-B790-4A1F961CD40F}"
EndProject
Global
	GlobalSection(SolutionConfigurationPlatforms) = preSolution
		Ad-Hoc|Any CPU = Ad-Hoc|Any CPU
		Ad-Hoc|iPhone = Ad-Hoc|iPhone
		Ad-Hoc|iPhoneSimulator = Ad-Hoc|iPhoneSimulator
		AppStore|Any CPU = AppStore|Any CPU
		AppStore|iPhone = AppStore|iPhone
		AppStore|iPhoneSimulator = AppStore|iPhoneSimulator
		Debug|Any CPU = Debug|Any CPU
		Debug|iPhone = Debug|iPhone
		Debug|iPhoneSimulator = Debug|iPhoneSimulator
		Release|Any CPU = Release|Any CPU
		Release|iPhone = Release|iPhone
		Release|iPhoneSimulator = Release|iPhoneSimulator
	EndGlobalSection
	GlobalSection(ProjectConfigurationPlatforms) = postSolution
		{A61A3403-7009-4A66-8621-E5BF244804AD}.Ad-Hoc|Any CPU.ActiveCfg = Release|Any CPU
		{A61A3403-7009-4A66-8621-E5BF244804AD}.Ad-Hoc|Any CPU.Build.0 = Release|Any CPU
		{A61A3403-7009-4A66-8621-E5BF244804AD}.Ad-Hoc|Any CPU.Deploy.0 = Release|Any CPU
		{A61A3403-7009-4A66-8621-E5BF244804AD}.Ad-Hoc|iPhone.ActiveCfg = Release|Any CPU
		{A61A3403-7009-4A66-8621-E5BF244804AD}.Ad-Hoc|iPhone.Build.0 = Release|Any CPU
		{A61A3403-7009-4A66-8621-E5BF244804AD}.Ad-Hoc|iPhone.Deploy.0 = Release|Any CPU
		{A61A3403-7009-4A66-8621-E5BF244804AD}.Ad-Hoc|iPhoneSimulator.ActiveCfg = Release|Any CPU
		{A61A3403-7009-4A66-8621-E5BF244804AD}.Ad-Hoc|iPhoneSimulator.Build.0 = Release|Any CPU
		{A61A3403-7009-4A66-8621-E5BF244804AD}.Ad-Hoc|iPhoneSimulator.Deploy.0 = Release|Any CPU
		{A61A3403-7009-4A66-8621-E5BF244804AD}.AppStore|Any CPU.ActiveCfg = Release|Any CPU
		{A61A3403-7009-4A66-8621-E5BF244804AD}.AppStore|Any CPU.Build.0 = Release|Any CPU
		{A61A3403-7009-4A66-8621-E5BF244804AD}.AppStore|Any CPU.Deploy.0 = Release|Any CPU
		{A61A3403-7009-4A66-8621-E5BF244804AD}.AppStore|iPhone.ActiveCfg = Release|Any CPU
		{A61A3403-7009-4A66-8621-E5BF244804AD}.AppStore|iPhone.Build.0 = Release|Any CPU
		{A61A3403-7009-4A66-8621-E5BF244804AD}.AppStore|iPhone.Deploy.0 = Release|Any CPU
		{A61A3403-7009-4A66-8621-E5BF244804AD}.AppStore|iPhoneSimulator.ActiveCfg = Release|Any CPU
		{A61A3403-7009-4A66-8621-E5BF244804AD}.AppStore|iPhoneSimulator.Build.0 = Release|Any CPU
		{A61A3403-7009-4A66-8621-E5BF244804AD}.AppStore|iPhoneSimulator.Deploy.0 = Release|Any CPU
		{A61A3403-7009-4A66-8621-E5BF244804AD}.Debug|Any CPU.ActiveCfg = Debug|Any CPU
		{A61A3403-7009-4A66-8621-E5BF244804AD}.Debug|Any CPU.Build.0 = Debug|Any CPU
		{A61A3403-7009-4A66-8621-E5BF244804AD}.Debug|Any CPU.Deploy.0 = Debug|Any CPU
		{A61A3403-7009-4A66-8621-E5BF244804AD}.Debug|iPhone.ActiveCfg = Debug|Any CPU
		{A61A3403-7009-4A66-8621-E5BF244804AD}.Debug|iPhone.Build.0 = Debug|Any CPU
		{A61A3403-7009-4A66-8621-E5BF244804AD}.Debug|iPhone.Deploy.0 = Debug|Any CPU
		{A61A3403-7009-4A66-8621-E5BF244804AD}.Debug|iPhoneSimulator.ActiveCfg = Debug|Any CPU
		{A61A3403-7009-4A66-8621-E5BF244804AD}.Debug|iPhoneSimulator.Build.0 = Debug|Any CPU
		{A61A3403-7009-4A66-8621-E5BF244804AD}.Debug|iPhoneSimulator.Deploy.0 = Debug|Any CPU
		{A61A3403-7009-4A66-8621-E5BF244804AD}.Release|Any CPU.ActiveCfg = Release|Any CPU
		{A61A3403-7009-4A66-8621-E5BF244804AD}.Release|Any CPU.Build.0 = Release|Any CPU
		{A61A3403-7009-4A66-8621-E5BF244804AD}.Release|Any CPU.Deploy.0 = Release|Any CPU
		{A61A3403-7009-4A66-8621-E5BF244804AD}.Release|iPhone.ActiveCfg = Release|Any CPU
		{A61A3403-7009-4A66-8621-E5BF244804AD}.Release|iPhone.Build.0 = Release|Any CPU
		{A61A3403-7009-4A66-8621-E5BF244804AD}.Release|iPhone.Deploy.0 = Release|Any CPU
		{A61A3403-7009-4A66-8621-E5BF244804AD}.Release|iPhoneSimulator.ActiveCfg = Release|Any CPU
		{A61A3403-7009-4A66-8621-E5BF244804AD}.Release|iPhoneSimulator.Build.0 = Release|Any CPU
		{A61A3403-7009-4A66-8621-E5BF244804AD}.Release|iPhoneSimulator.Deploy.0 = Release|Any CPU
		{40EB3B45-603A-43C1-A2D3-E7B04483AFA7}.Ad-Hoc|Any CPU.ActiveCfg = Ad-Hoc|iPhone
		{40EB3B45-603A-43C1-A2D3-E7B04483AFA7}.Ad-Hoc|Any CPU.Build.0 = Ad-Hoc|iPhone
		{40EB3B45-603A-43C1-A2D3-E7B04483AFA7}.Ad-Hoc|Any CPU.Deploy.0 = Ad-Hoc|iPhone
		{40EB3B45-603A-43C1-A2D3-E7B04483AFA7}.Ad-Hoc|iPhone.ActiveCfg = Ad-Hoc|iPhone
		{40EB3B45-603A-43C1-A2D3-E7B04483AFA7}.Ad-Hoc|iPhone.Build.0 = Ad-Hoc|iPhone
		{40EB3B45-603A-43C1-A2D3-E7B04483AFA7}.Ad-Hoc|iPhone.Deploy.0 = Ad-Hoc|iPhone
		{40EB3B45-603A-43C1-A2D3-E7B04483AFA7}.Ad-Hoc|iPhoneSimulator.ActiveCfg = Ad-Hoc|iPhoneSimulator
		{40EB3B45-603A-43C1-A2D3-E7B04483AFA7}.Ad-Hoc|iPhoneSimulator.Build.0 = Ad-Hoc|iPhoneSimulator
		{40EB3B45-603A-43C1-A2D3-E7B04483AFA7}.Ad-Hoc|iPhoneSimulator.Deploy.0 = Ad-Hoc|iPhoneSimulator
		{40EB3B45-603A-43C1-A2D3-E7B04483AFA7}.AppStore|Any CPU.ActiveCfg = AppStore|iPhone
		{40EB3B45-603A-43C1-A2D3-E7B04483AFA7}.AppStore|Any CPU.Build.0 = AppStore|iPhone
		{40EB3B45-603A-43C1-A2D3-E7B04483AFA7}.AppStore|Any CPU.Deploy.0 = AppStore|iPhone
		{40EB3B45-603A-43C1-A2D3-E7B04483AFA7}.AppStore|iPhone.ActiveCfg = AppStore|iPhone
		{40EB3B45-603A-43C1-A2D3-E7B04483AFA7}.AppStore|iPhone.Build.0 = AppStore|iPhone
		{40EB3B45-603A-43C1-A2D3-E7B04483AFA7}.AppStore|iPhone.Deploy.0 = AppStore|iPhone
		{40EB3B45-603A-43C1-A2D3-E7B04483AFA7}.AppStore|iPhoneSimulator.ActiveCfg = AppStore|iPhoneSimulator
		{40EB3B45-603A-43C1-A2D3-E7B04483AFA7}.AppStore|iPhoneSimulator.Build.0 = AppStore|iPhoneSimulator
		{40EB3B45-603A-43C1-A2D3-E7B04483AFA7}.AppStore|iPhoneSimulator.Deploy.0 = AppStore|iPhoneSimulator
		{40EB3B45-603A-43C1-A2D3-E7B04483AFA7}.Debug|Any CPU.ActiveCfg = Debug|iPhoneSimulator
		{40EB3B45-603A-43C1-A2D3-E7B04483AFA7}.Debug|Any CPU.Build.0 = Debug|iPhoneSimulator
		{40EB3B45-603A-43C1-A2D3-E7B04483AFA7}.Debug|Any CPU.Deploy.0 = Debug|iPhoneSimulator
		{40EB3B45-603A-43C1-A2D3-E7B04483AFA7}.Debug|iPhone.ActiveCfg = Debug|iPhone
		{40EB3B45-603A-43C1-A2D3-E7B04483AFA7}.Debug|iPhone.Build.0 = Debug|iPhone
		{40EB3B45-603A-43C1-A2D3-E7B04483AFA7}.Debug|iPhone.Deploy.0 = Debug|iPhone
		{40EB3B45-603A-43C1-A2D3-E7B04483AFA7}.Debug|iPhoneSimulator.ActiveCfg = Debug|iPhoneSimulator
		{40EB3B45-603A-43C1-A2D3-E7B04483AFA7}.Debug|iPhoneSimulator.Build.0 = Debug|iPhoneSimulator
		{40EB3B45-603A-43C1-A2D3-E7B04483AFA7}.Debug|iPhoneSimulator.Deploy.0 = Debug|iPhoneSimulator
		{40EB3B45-603A-43C1-A2D3-E7B04483AFA7}.Release|Any CPU.ActiveCfg = Release|iPhone
		{40EB3B45-603A-43C1-A2D3-E7B04483AFA7}.Release|Any CPU.Build.0 = Release|iPhone
		{40EB3B45-603A-43C1-A2D3-E7B04483AFA7}.Release|Any CPU.Deploy.0 = Release|iPhone
		{40EB3B45-603A-43C1-A2D3-E7B04483AFA7}.Release|iPhone.ActiveCfg = Release|iPhone
		{40EB3B45-603A-43C1-A2D3-E7B04483AFA7}.Release|iPhone.Build.0 = Release|iPhone
		{40EB3B45-603A-43C1-A2D3-E7B04483AFA7}.Release|iPhone.Deploy.0 = Release|iPhone
		{40EB3B45-603A-43C1-A2D3-E7B04483AFA7}.Release|iPhoneSimulator.ActiveCfg = Release|iPhoneSimulator
		{40EB3B45-603A-43C1-A2D3-E7B04483AFA7}.Release|iPhoneSimulator.Build.0 = Release|iPhoneSimulator
		{40EB3B45-603A-43C1-A2D3-E7B04483AFA7}.Release|iPhoneSimulator.Deploy.0 = Release|iPhoneSimulator
		{9AED0CD6-D369-4191-B790-4A1F961CD40F}.Ad-Hoc|Any CPU.ActiveCfg = Debug|Any CPU
		{9AED0CD6-D369-4191-B790-4A1F961CD40F}.Ad-Hoc|Any CPU.Build.0 = Debug|Any CPU
		{9AED0CD6-D369-4191-B790-4A1F961CD40F}.Ad-Hoc|Any CPU.Deploy.0 = Debug|Any CPU
		{9AED0CD6-D369-4191-B790-4A1F961CD40F}.Ad-Hoc|iPhone.ActiveCfg = Debug|Any CPU
		{9AED0CD6-D369-4191-B790-4A1F961CD40F}.Ad-Hoc|iPhone.Build.0 = Debug|Any CPU
		{9AED0CD6-D369-4191-B790-4A1F961CD40F}.Ad-Hoc|iPhone.Deploy.0 = Debug|Any CPU
		{9AED0CD6-D369-4191-B790-4A1F961CD40F}.Ad-Hoc|iPhoneSimulator.ActiveCfg = Debug|Any CPU
		{9AED0CD6-D369-4191-B790-4A1F961CD40F}.Ad-Hoc|iPhoneSimulator.Build.0 = Debug|Any CPU
		{9AED0CD6-D369-4191-B790-4A1F961CD40F}.Ad-Hoc|iPhoneSimulator.Deploy.0 = Debug|Any CPU
		{9AED0CD6-D369-4191-B790-4A1F961CD40F}.AppStore|Any CPU.ActiveCfg = Debug|Any CPU
		{9AED0CD6-D369-4191-B790-4A1F961CD40F}.AppStore|Any CPU.Build.0 = Debug|Any CPU
		{9AED0CD6-D369-4191-B790-4A1F961CD40F}.AppStore|Any CPU.Deploy.0 = Debug|Any CPU
		{9AED0CD6-D369-4191-B790-4A1F961CD40F}.AppStore|iPhone.ActiveCfg = Debug|Any CPU
		{9AED0CD6-D369-4191-B790-4A1F961CD40F}.AppStore|iPhone.Build.0 = Debug|Any CPU
		{9AED0CD6-D369-4191-B790-4A1F961CD40F}.AppStore|iPhone.Deploy.0 = Debug|Any CPU
		{9AED0CD6-D369-4191-B790-4A1F961CD40F}.AppStore|iPhoneSimulator.ActiveCfg = Debug|Any CPU
		{9AED0CD6-D369-4191-B790-4A1F961CD40F}.AppStore|iPhoneSimulator.Build.0 = Debug|Any CPU
		{9AED0CD6-D369-4191-B790-4A1F961CD40F}.AppStore|iPhoneSimulator.Deploy.0 = Debug|Any CPU
		{9AED0CD6-D369-4191-B790-4A1F961CD40F}.Debug|Any CPU.ActiveCfg = Debug|Any CPU
		{9AED0CD6-D369-4191-B790-4A1F961CD40F}.Debug|Any CPU.Build.0 = Debug|Any CPU
		{9AED0CD6-D369-4191-B790-4A1F961CD40F}.Debug|Any CPU.Deploy.0 = Debug|Any CPU
		{9AED0CD6-D369-4191-B790-4A1F961CD40F}.Debug|iPhone.ActiveCfg = Debug|Any CPU
		{9AED0CD6-D369-4191-B790-4A1F961CD40F}.Debug|iPhone.Build.0 = Debug|Any CPU
		{9AED0CD6-D369-4191-B790-4A1F961CD40F}.Debug|iPhone.Deploy.0 = Debug|Any CPU
		{9AED0CD6-D369-4191-B790-4A1F961CD40F}.Debug|iPhoneSimulator.ActiveCfg = Debug|Any CPU
		{9AED0CD6-D369-4191-B790-4A1F961CD40F}.Debug|iPhoneSimulator.Build.0 = Debug|Any CPU
		{9AED0CD6-D369-4191-B790-4A1F961CD40F}.Debug|iPhoneSimulator.Deploy.0 = Debug|Any CPU
		{9AED0CD6-D369-4191-B790-4A1F961CD40F}.Release|Any CPU.ActiveCfg = Release|Any CPU
		{9AED0CD6-D369-4191-B790-4A1F961CD40F}.Release|Any CPU.Build.0 = Release|Any CPU
		{9AED0CD6-D369-4191-B790-4A1F961CD40F}.Release|Any CPU.Deploy.0 = Release|Any CPU
		{9AED0CD6-D369-4191-B790-4A1F961CD40F}.Release|iPhone.ActiveCfg = Release|Any CPU
		{9AED0CD6-D369-4191-B790-4A1F961CD40F}.Release|iPhone.Build.0 = Release|Any CPU
		{9AED0CD6-D369-4191-B790-4A1F961CD40F}.Release|iPhone.Deploy.0 = Release|Any CPU
		{9AED0CD6-D369-4191-B790-4A1F961CD40F}.Release|iPhoneSimulator.ActiveCfg = Release|Any CPU
		{9AED0CD6-D369-4191-B790-4A1F961CD40F}.Release|iPhoneSimulator.Build.0 = Release|Any CPU
		{9AED0CD6-D369-4191-B790-4A1F961CD40F}.Release|iPhoneSimulator.Deploy.0 = Release|Any CPU
	EndGlobalSection
	GlobalSection(SolutionProperties) = preSolution
		HideSolutionNode = FALSE
	EndGlobalSection
	GlobalSection(ExtensibilityGlobals) = postSolution
		SolutionGuid = {3C3184F7-8F16-4EB1-A49C-0D046A7A2FF6}
	EndGlobalSection
EndGlobal
